
Microsoft Visual Studio Solution File, Format Version 12.00
# Visual Studio 14
VisualStudioVersion = 14.0.25420.1
MinimumVisualStudioVersion = 10.0.40219.1
Project("{FAE04EC0-301F-11D3-BF4B-00C04F79EFBC}") = "Application.Models", "Application.Models\Application.Models.csproj", "{E24AA07B-F9A6-44C0-9170-403B2DC1B958}"
EndProject
Project("{FAE04EC0-301F-11D3-BF4B-00C04F79EFBC}") = "WebApplication.API", "WebApplication.API\WebApplication.API.csproj", "{C581CEBD-CFC3-4013-B747-424C6460D671}"
EndProject
Global
	GlobalSection(SolutionConfigurationPlatforms) = preSolution
		Debug|Any CPU = Debug|Any CPU
		Release|Any CPU = Release|Any CPU
	EndGlobalSection
	GlobalSection(ProjectConfigurationPlatforms) = postSolution
		{E24AA07B-F9A6-44C0-9170-403B2DC1B958}.Debug|Any CPU.ActiveCfg = Debug|Any CPU
		{E24AA07B-F9A6-44C0-9170-403B2DC1B958}.Debug|Any CPU.Build.0 = Debug|Any CPU
		{E24AA07B-F9A6-44C0-9170-403B2DC1B958}.Release|Any CPU.ActiveCfg = Release|Any CPU
		{E24AA07B-F9A6-44C0-9170-403B2DC1B958}.Release|Any CPU.Build.0 = Release|Any CPU
		{C581CEBD-CFC3-4013-B747-424C6460D671}.Debug|Any CPU.ActiveCfg = Debug|Any CPU
		{C581CEBD-CFC3-4013-B747-424C6460D671}.Debug|Any CPU.Build.0 = Debug|Any CPU
		{C581CEBD-CFC3-4013-B747-424C6460D671}.Release|Any CPU.ActiveCfg = Release|Any CPU
		{C581CEBD-CFC3-4013-B747-424C6460D671}.Release|Any CPU.Build.0 = Release|Any CPU
	EndGlobalSection
	GlobalSection(SolutionProperties) = preSolution
		HideSolutionNode = FALSE
	EndGlobalSection
EndGlobal
